{
  "pins" : [
    {
      "identity" : "richtextkit",
      "kind" : "remoteSourceControl",
      "location" : "https://github.com/danielsaidi/RichTextKit.git",
      "state" : {
        "revision" : "80e91deb13c926e8074932b67799fb82b4a6e901",
        "version" : "0.5.2"
      }
    }
  ],
  "version" : 2
}
