// !$*UTF8*$!
{
	archiveVersion = 1;
	classes = {
	};
	objectVersion = 56;
	objects = {

/* Begin PBXBuildFile section */
		2716F6892A2670D300CAF94E /* Login.swift in Sources */ = {isa = PBXBuildFile; fileRef = 2716F6882A2670D300CAF94E /* Login.swift */; };
		2716F68B2A2670DA00CAF94E /* LoginViewModel.swift in Sources */ = {isa = PBXBuildFile; fileRef = 2716F68A2A2670DA00CAF94E /* LoginViewModel.swift */; };
		2716F6922A2676E300CAF94E /* LoginViewComponents.swift in Sources */ = {isa = PBXBuildFile; fileRef = 2716F6912A2676E300CAF94E /* LoginViewComponents.swift */; };
		27CAFDAB2A27BF0100E88959 /* DocumentsView.swift in Sources */ = {isa = PBXBuildFile; fileRef = 27CAFDAA2A27BF0100E88959 /* DocumentsView.swift */; };
		27CAFDAE2A27BF5900E88959 /* TableHeader.swift in Sources */ = {isa = PBXBuildFile; fileRef = 27CAFDAD2A27BF5900E88959 /* TableHeader.swift */; };
		27CAFDB02A27C0CD00E88959 /* DocumentRow.swift in Sources */ = {isa = PBXBuildFile; fileRef = 27CAFDAF2A27C0CD00E88959 /* DocumentRow.swift */; };
		27CAFDB22A27C67A00E88959 /* TableView.swift in Sources */ = {isa = PBXBuildFile; fileRef = 27CAFDB12A27C67A00E88959 /* TableView.swift */; };
		27CAFDB42A27C91600E88959 /* DocumentsViewModel.swift in Sources */ = {isa = PBXBuildFile; fileRef = 27CAFDB32A27C91600E88959 /* DocumentsViewModel.swift */; };
		760498172A27BD2700D46ABF /* PopUpComponents.swift in Sources */ = {isa = PBXBuildFile; fileRef = 760498162A27BD2700D46ABF /* PopUpComponents.swift */; };
		760498192A27C9A000D46ABF /* InvitePopUpView.swift in Sources */ = {isa = PBXBuildFile; fileRef = 760498182A27C9A000D46ABF /* InvitePopUpView.swift */; };
		7604981B2A27C9B000D46ABF /* InvitePopUpComponents.swift in Sources */ = {isa = PBXBuildFile; fileRef = 7604981A2A27C9B000D46ABF /* InvitePopUpComponents.swift */; };
		76EF28EA2A26983D00CD9328 /* PopUpView.swift in Sources */ = {isa = PBXBuildFile; fileRef = 76EF28E92A26983D00CD9328 /* PopUpView.swift */; };
		8657B8E22A26677A0065EF04 /* DocumentView.swift in Sources */ = {isa = PBXBuildFile; fileRef = 8657B8E12A26677A0065EF04 /* DocumentView.swift */; };
		8657B8E52A2667990065EF04 /* RichTextKit in Frameworks */ = {isa = PBXBuildFile; productRef = 8657B8E42A2667990065EF04 /* RichTextKit */; };
		8657B8E72A2673570065EF04 /* DocumenterrView.swift in Sources */ = {isa = PBXBuildFile; fileRef = 8657B8E62A2673570065EF04 /* DocumenterrView.swift */; };
		8657B8E92A26739E0065EF04 /* DocumentViewModel.swift in Sources */ = {isa = PBXBuildFile; fileRef = 8657B8E82A26739E0065EF04 /* DocumentViewModel.swift */; };
		8657B8ED2A2676270065EF04 /* DocumentService.swift in Sources */ = {isa = PBXBuildFile; fileRef = 8657B8EC2A2676270065EF04 /* DocumentService.swift */; };
		8657B8EF2A2676720065EF04 /* Global.swift in Sources */ = {isa = PBXBuildFile; fileRef = 8657B8EE2A2676720065EF04 /* Global.swift */; };
		8657B8F12A2689840065EF04 /* DocumentModel.swift in Sources */ = {isa = PBXBuildFile; fileRef = 8657B8F02A2689840065EF04 /* DocumentModel.swift */; };
		8657B8F32A2692C20065EF04 /* TaskService.swift in Sources */ = {isa = PBXBuildFile; fileRef = 8657B8F22A2692C20065EF04 /* TaskService.swift */; };
		8657B8F52A2694240065EF04 /* TaskModel.swift in Sources */ = {isa = PBXBuildFile; fileRef = 8657B8F42A2694240065EF04 /* TaskModel.swift */; };
		8657B8F92A27C5EA0065EF04 /* Register.swift in Sources */ = {isa = PBXBuildFile; fileRef = 8657B8F62A27C5EA0065EF04 /* Register.swift */; };
		8657B8FA2A27C5EA0065EF04 /* RegisterViewModel.swift in Sources */ = {isa = PBXBuildFile; fileRef = 8657B8F72A27C5EA0065EF04 /* RegisterViewModel.swift */; };
		8657B8FB2A27C5EA0065EF04 /* RegisterViewComponents.swift in Sources */ = {isa = PBXBuildFile; fileRef = 8657B8F82A27C5EA0065EF04 /* RegisterViewComponents.swift */; };
		8657B8FE2A27C62A0065EF04 /* HomeView.swift in Sources */ = {isa = PBXBuildFile; fileRef = 8657B8FD2A27C62A0065EF04 /* HomeView.swift */; };
		8657B9002A27CF800065EF04 /* WorkspaceService.swift in Sources */ = {isa = PBXBuildFile; fileRef = 8657B8FF2A27CF800065EF04 /* WorkspaceService.swift */; };
		8657B9022A27D7CD0065EF04 /* UserModel.swift in Sources */ = {isa = PBXBuildFile; fileRef = 8657B9012A27D7CD0065EF04 /* UserModel.swift */; };
		8657B9042A27D8680065EF04 /* AuthService.swift in Sources */ = {isa = PBXBuildFile; fileRef = 8657B9032A27D8680065EF04 /* AuthService.swift */; };
		8F31EA342A290EDB0048EFBD /* WorkspaceComponents.swift in Sources */ = {isa = PBXBuildFile; fileRef = 8F31EA332A290EDB0048EFBD /* WorkspaceComponents.swift */; };
		8F31EA382A2933770048EFBD /* PopUpCreateWorkspaceView.swift in Sources */ = {isa = PBXBuildFile; fileRef = 8F31EA372A2933770048EFBD /* PopUpCreateWorkspaceView.swift */; };
		8F31EA3A2A2935130048EFBD /* PopUpCreateWorkspaceComponents.swift in Sources */ = {isa = PBXBuildFile; fileRef = 8F31EA392A2935130048EFBD /* PopUpCreateWorkspaceComponents.swift */; };
		8F31EA3E2A293B200048EFBD /* View.swift in Sources */ = {isa = PBXBuildFile; fileRef = 8F31EA3D2A293B200048EFBD /* View.swift */; };
		8F9145952A2522C60082F40A /* Color.swift in Sources */ = {isa = PBXBuildFile; fileRef = 8F9145942A2522C60082F40A /* Color.swift */; };
		8F92A32B2A21459700D163D0 /* Image.swift in Sources */ = {isa = PBXBuildFile; fileRef = 8F92A32A2A21459700D163D0 /* Image.swift */; };
		8F92A32D2A21483F00D163D0 /* HomeComponents.swift in Sources */ = {isa = PBXBuildFile; fileRef = 8F92A32C2A21483F00D163D0 /* HomeComponents.swift */; };
		8F92A32F2A214D9100D163D0 /* MyCustomFonts.swift in Sources */ = {isa = PBXBuildFile; fileRef = 8F92A32E2A214D9000D163D0 /* MyCustomFonts.swift */; };
		CA47E0332A21413800A63F28 /* KanbanComponentView.swift in Sources */ = {isa = PBXBuildFile; fileRef = CA47E0322A21413800A63F28 /* KanbanComponentView.swift */; };
		CA47E0352A21444300A63F28 /* KanbanTaskComponentView.swift in Sources */ = {isa = PBXBuildFile; fileRef = CA47E0342A21444300A63F28 /* KanbanTaskComponentView.swift */; };
		CA47E0392A21484F00A63F28 /* TaskTagView.swift in Sources */ = {isa = PBXBuildFile; fileRef = CA47E0382A21484F00A63F28 /* TaskTagView.swift */; };
		CA6B4C122A25249D00CB0AB7 /* KanbanColumnTitle.swift in Sources */ = {isa = PBXBuildFile; fileRef = CA6B4C112A25249D00CB0AB7 /* KanbanColumnTitle.swift */; };
		CA6B4C142A259D7400CB0AB7 /* KanbanSideBarView.swift in Sources */ = {isa = PBXBuildFile; fileRef = CA6B4C132A259D7400CB0AB7 /* KanbanSideBarView.swift */; };
		CA6B4C162A259DEB00CB0AB7 /* KanbanViewModel.swift in Sources */ = {isa = PBXBuildFile; fileRef = CA6B4C152A259DEB00CB0AB7 /* KanbanViewModel.swift */; };
		CA6EC4FB2A29703E005F9FBD /* SideBarCriarTaskComponents.swift in Sources */ = {isa = PBXBuildFile; fileRef = CA6EC4FA2A29703E005F9FBD /* SideBarCriarTaskComponents.swift */; };
		CA9183B12A2841D600D4AD6A /* KanbanComponentViewModel.swift in Sources */ = {isa = PBXBuildFile; fileRef = CA9183B02A2841D600D4AD6A /* KanbanComponentViewModel.swift */; };
		CA9DB1CE2A27E10C00B7478C /* CreateTaskView.swift in Sources */ = {isa = PBXBuildFile; fileRef = CA9DB1CD2A27E10C00B7478C /* CreateTaskView.swift */; };
		CA9DB1D02A27E38500B7478C /* SideBarCriarTask.swift in Sources */ = {isa = PBXBuildFile; fileRef = CA9DB1CF2A27E38500B7478C /* SideBarCriarTask.swift */; };
		CA9DB1D22A27E5ED00B7478C /* TitleSideBarCriarTask.swift in Sources */ = {isa = PBXBuildFile; fileRef = CA9DB1D12A27E5ED00B7478C /* TitleSideBarCriarTask.swift */; };
		CAE434352A1E9DAF00A2A4BE /* NeedleApp.swift in Sources */ = {isa = PBXBuildFile; fileRef = CAE434342A1E9DAF00A2A4BE /* NeedleApp.swift */; };
		CAE434372A1E9DAF00A2A4BE /* WorkspaceView.swift in Sources */ = {isa = PBXBuildFile; fileRef = CAE434362A1E9DAF00A2A4BE /* WorkspaceView.swift */; };
		CAE434392A1E9DB000A2A4BE /* Assets.xcassets in Resources */ = {isa = PBXBuildFile; fileRef = CAE434382A1E9DB000A2A4BE /* Assets.xcassets */; };
		CAE4343C2A1E9DB000A2A4BE /* Preview Assets.xcassets in Resources */ = {isa = PBXBuildFile; fileRef = CAE4343B2A1E9DB000A2A4BE /* Preview Assets.xcassets */; };
		CAE434462A1EA75D00A2A4BE /* WorkspaceModel.swift in Sources */ = {isa = PBXBuildFile; fileRef = CAE434452A1EA75D00A2A4BE /* WorkspaceModel.swift */; };
		CAE4344B2A1EA90400A2A4BE /* WorkspaceViewModel.swift in Sources */ = {isa = PBXBuildFile; fileRef = CAE4344A2A1EA90400A2A4BE /* WorkspaceViewModel.swift */; };
		CAE4344F2A1EA9C400A2A4BE /* AnyComponent.swift in Sources */ = {isa = PBXBuildFile; fileRef = CAE4344E2A1EA9C400A2A4BE /* AnyComponent.swift */; };
		CAE434552A213F8C00A2A4BE /* KanbanView.swift in Sources */ = {isa = PBXBuildFile; fileRef = CAE434542A213F8C00A2A4BE /* KanbanView.swift */; };
/* End PBXBuildFile section */

/* Begin PBXFileReference section */
		2716F6882A2670D300CAF94E /* Login.swift */ = {isa = PBXFileReference; lastKnownFileType = sourcecode.swift; path = Login.swift; sourceTree = "<group>"; };
		2716F68A2A2670DA00CAF94E /* LoginViewModel.swift */ = {isa = PBXFileReference; lastKnownFileType = sourcecode.swift; path = LoginViewModel.swift; sourceTree = "<group>"; };
		2716F6912A2676E300CAF94E /* LoginViewComponents.swift */ = {isa = PBXFileReference; lastKnownFileType = sourcecode.swift; path = LoginViewComponents.swift; sourceTree = "<group>"; };
		27CAFDAA2A27BF0100E88959 /* DocumentsView.swift */ = {isa = PBXFileReference; lastKnownFileType = sourcecode.swift; path = DocumentsView.swift; sourceTree = "<group>"; };
		27CAFDAD2A27BF5900E88959 /* TableHeader.swift */ = {isa = PBXFileReference; lastKnownFileType = sourcecode.swift; path = TableHeader.swift; sourceTree = "<group>"; };
		27CAFDAF2A27C0CD00E88959 /* DocumentRow.swift */ = {isa = PBXFileReference; lastKnownFileType = sourcecode.swift; path = DocumentRow.swift; sourceTree = "<group>"; };
		27CAFDB12A27C67A00E88959 /* TableView.swift */ = {isa = PBXFileReference; lastKnownFileType = sourcecode.swift; path = TableView.swift; sourceTree = "<group>"; };
		27CAFDB32A27C91600E88959 /* DocumentsViewModel.swift */ = {isa = PBXFileReference; lastKnownFileType = sourcecode.swift; path = DocumentsViewModel.swift; sourceTree = "<group>"; };
		760498162A27BD2700D46ABF /* PopUpComponents.swift */ = {isa = PBXFileReference; lastKnownFileType = sourcecode.swift; path = PopUpComponents.swift; sourceTree = "<group>"; };
		760498182A27C9A000D46ABF /* InvitePopUpView.swift */ = {isa = PBXFileReference; lastKnownFileType = sourcecode.swift; path = InvitePopUpView.swift; sourceTree = "<group>"; };
		7604981A2A27C9B000D46ABF /* InvitePopUpComponents.swift */ = {isa = PBXFileReference; lastKnownFileType = sourcecode.swift; path = InvitePopUpComponents.swift; sourceTree = "<group>"; };
		76EF28E92A26983D00CD9328 /* PopUpView.swift */ = {isa = PBXFileReference; lastKnownFileType = sourcecode.swift; path = PopUpView.swift; sourceTree = "<group>"; };
		8657B8E12A26677A0065EF04 /* DocumentView.swift */ = {isa = PBXFileReference; lastKnownFileType = sourcecode.swift; path = DocumentView.swift; sourceTree = "<group>"; };
		8657B8E62A2673570065EF04 /* DocumenterrView.swift */ = {isa = PBXFileReference; lastKnownFileType = sourcecode.swift; path = DocumenterrView.swift; sourceTree = "<group>"; };
		8657B8E82A26739E0065EF04 /* DocumentViewModel.swift */ = {isa = PBXFileReference; lastKnownFileType = sourcecode.swift; path = DocumentViewModel.swift; sourceTree = "<group>"; };
		8657B8EC2A2676270065EF04 /* DocumentService.swift */ = {isa = PBXFileReference; lastKnownFileType = sourcecode.swift; path = DocumentService.swift; sourceTree = "<group>"; };
		8657B8EE2A2676720065EF04 /* Global.swift */ = {isa = PBXFileReference; lastKnownFileType = sourcecode.swift; path = Global.swift; sourceTree = "<group>"; };
		8657B8F02A2689840065EF04 /* DocumentModel.swift */ = {isa = PBXFileReference; lastKnownFileType = sourcecode.swift; path = DocumentModel.swift; sourceTree = "<group>"; };
		8657B8F22A2692C20065EF04 /* TaskService.swift */ = {isa = PBXFileReference; lastKnownFileType = sourcecode.swift; path = TaskService.swift; sourceTree = "<group>"; };
		8657B8F42A2694240065EF04 /* TaskModel.swift */ = {isa = PBXFileReference; lastKnownFileType = sourcecode.swift; path = TaskModel.swift; sourceTree = "<group>"; };
		8657B8F62A27C5EA0065EF04 /* Register.swift */ = {isa = PBXFileReference; fileEncoding = 4; lastKnownFileType = sourcecode.swift; path = Register.swift; sourceTree = "<group>"; };
		8657B8F72A27C5EA0065EF04 /* RegisterViewModel.swift */ = {isa = PBXFileReference; fileEncoding = 4; lastKnownFileType = sourcecode.swift; path = RegisterViewModel.swift; sourceTree = "<group>"; };
		8657B8F82A27C5EA0065EF04 /* RegisterViewComponents.swift */ = {isa = PBXFileReference; fileEncoding = 4; lastKnownFileType = sourcecode.swift; path = RegisterViewComponents.swift; sourceTree = "<group>"; };
		8657B8FD2A27C62A0065EF04 /* HomeView.swift */ = {isa = PBXFileReference; fileEncoding = 4; lastKnownFileType = sourcecode.swift; path = HomeView.swift; sourceTree = "<group>"; };
		8657B8FF2A27CF800065EF04 /* WorkspaceService.swift */ = {isa = PBXFileReference; lastKnownFileType = sourcecode.swift; path = WorkspaceService.swift; sourceTree = "<group>"; };
		8657B9012A27D7CD0065EF04 /* UserModel.swift */ = {isa = PBXFileReference; lastKnownFileType = sourcecode.swift; path = UserModel.swift; sourceTree = "<group>"; };
		8657B9032A27D8680065EF04 /* AuthService.swift */ = {isa = PBXFileReference; lastKnownFileType = sourcecode.swift; path = AuthService.swift; sourceTree = "<group>"; };
		8657B9052A28464C0065EF04 /* Info.plist */ = {isa = PBXFileReference; lastKnownFileType = text.plist; path = Info.plist; sourceTree = "<group>"; };
		8F31EA332A290EDB0048EFBD /* WorkspaceComponents.swift */ = {isa = PBXFileReference; lastKnownFileType = sourcecode.swift; path = WorkspaceComponents.swift; sourceTree = "<group>"; };
		8F31EA372A2933770048EFBD /* PopUpCreateWorkspaceView.swift */ = {isa = PBXFileReference; lastKnownFileType = sourcecode.swift; path = PopUpCreateWorkspaceView.swift; sourceTree = "<group>"; };
		8F31EA392A2935130048EFBD /* PopUpCreateWorkspaceComponents.swift */ = {isa = PBXFileReference; lastKnownFileType = sourcecode.swift; path = PopUpCreateWorkspaceComponents.swift; sourceTree = "<group>"; };
		8F31EA3D2A293B200048EFBD /* View.swift */ = {isa = PBXFileReference; lastKnownFileType = sourcecode.swift; path = View.swift; sourceTree = "<group>"; };
		8F9145942A2522C60082F40A /* Color.swift */ = {isa = PBXFileReference; lastKnownFileType = sourcecode.swift; path = Color.swift; sourceTree = "<group>"; };
		8F92A32A2A21459700D163D0 /* Image.swift */ = {isa = PBXFileReference; lastKnownFileType = sourcecode.swift; path = Image.swift; sourceTree = "<group>"; };
		8F92A32C2A21483F00D163D0 /* HomeComponents.swift */ = {isa = PBXFileReference; lastKnownFileType = sourcecode.swift; path = HomeComponents.swift; sourceTree = "<group>"; };
		8F92A32E2A214D9000D163D0 /* MyCustomFonts.swift */ = {isa = PBXFileReference; lastKnownFileType = sourcecode.swift; path = MyCustomFonts.swift; sourceTree = "<group>"; };
		CA47E0322A21413800A63F28 /* KanbanComponentView.swift */ = {isa = PBXFileReference; lastKnownFileType = sourcecode.swift; path = KanbanComponentView.swift; sourceTree = "<group>"; };
		CA47E0342A21444300A63F28 /* KanbanTaskComponentView.swift */ = {isa = PBXFileReference; lastKnownFileType = sourcecode.swift; path = KanbanTaskComponentView.swift; sourceTree = "<group>"; };
		CA47E0382A21484F00A63F28 /* TaskTagView.swift */ = {isa = PBXFileReference; lastKnownFileType = sourcecode.swift; path = TaskTagView.swift; sourceTree = "<group>"; };
		CA6B4C112A25249D00CB0AB7 /* KanbanColumnTitle.swift */ = {isa = PBXFileReference; lastKnownFileType = sourcecode.swift; path = KanbanColumnTitle.swift; sourceTree = "<group>"; };
		CA6B4C132A259D7400CB0AB7 /* KanbanSideBarView.swift */ = {isa = PBXFileReference; lastKnownFileType = sourcecode.swift; path = KanbanSideBarView.swift; sourceTree = "<group>"; };
		CA6B4C152A259DEB00CB0AB7 /* KanbanViewModel.swift */ = {isa = PBXFileReference; lastKnownFileType = sourcecode.swift; path = KanbanViewModel.swift; sourceTree = "<group>"; };
		CA6EC4FA2A29703E005F9FBD /* SideBarCriarTaskComponents.swift */ = {isa = PBXFileReference; lastKnownFileType = sourcecode.swift; path = SideBarCriarTaskComponents.swift; sourceTree = "<group>"; };
		CA9183B02A2841D600D4AD6A /* KanbanComponentViewModel.swift */ = {isa = PBXFileReference; lastKnownFileType = sourcecode.swift; path = KanbanComponentViewModel.swift; sourceTree = "<group>"; };
		CA9DB1C72A26783C00B7478C /* SpaceGrotesk-SemiBold.ttf */ = {isa = PBXFileReference; lastKnownFileType = file; path = "SpaceGrotesk-SemiBold.ttf"; sourceTree = "<group>"; };
		CA9DB1C82A26784300B7478C /* SpaceGrotesk-Bold.ttf */ = {isa = PBXFileReference; lastKnownFileType = file; path = "SpaceGrotesk-Bold.ttf"; sourceTree = "<group>"; };
		CA9DB1C92A2678BD00B7478C /* SpaceGrotesk-Regular.ttf */ = {isa = PBXFileReference; lastKnownFileType = file; path = "SpaceGrotesk-Regular.ttf"; sourceTree = "<group>"; };
		CA9DB1CD2A27E10C00B7478C /* CreateTaskView.swift */ = {isa = PBXFileReference; lastKnownFileType = sourcecode.swift; path = CreateTaskView.swift; sourceTree = "<group>"; };
		CA9DB1CF2A27E38500B7478C /* SideBarCriarTask.swift */ = {isa = PBXFileReference; lastKnownFileType = sourcecode.swift; path = SideBarCriarTask.swift; sourceTree = "<group>"; };
		CA9DB1D12A27E5ED00B7478C /* TitleSideBarCriarTask.swift */ = {isa = PBXFileReference; lastKnownFileType = sourcecode.swift; path = TitleSideBarCriarTask.swift; sourceTree = "<group>"; };
		CAE434312A1E9DAF00A2A4BE /* Needle.app */ = {isa = PBXFileReference; explicitFileType = wrapper.application; includeInIndex = 0; path = Needle.app; sourceTree = BUILT_PRODUCTS_DIR; };
		CAE434342A1E9DAF00A2A4BE /* NeedleApp.swift */ = {isa = PBXFileReference; lastKnownFileType = sourcecode.swift; path = NeedleApp.swift; sourceTree = "<group>"; };
		CAE434362A1E9DAF00A2A4BE /* WorkspaceView.swift */ = {isa = PBXFileReference; lastKnownFileType = sourcecode.swift; path = WorkspaceView.swift; sourceTree = "<group>"; };
		CAE434382A1E9DB000A2A4BE /* Assets.xcassets */ = {isa = PBXFileReference; lastKnownFileType = folder.assetcatalog; path = Assets.xcassets; sourceTree = "<group>"; };
		CAE4343B2A1E9DB000A2A4BE /* Preview Assets.xcassets */ = {isa = PBXFileReference; lastKnownFileType = folder.assetcatalog; path = "Preview Assets.xcassets"; sourceTree = "<group>"; };
		CAE4343D2A1E9DB000A2A4BE /* Needle.entitlements */ = {isa = PBXFileReference; lastKnownFileType = text.plist.entitlements; path = Needle.entitlements; sourceTree = "<group>"; };
		CAE434452A1EA75D00A2A4BE /* WorkspaceModel.swift */ = {isa = PBXFileReference; lastKnownFileType = sourcecode.swift; path = WorkspaceModel.swift; sourceTree = "<group>"; };
		CAE4344A2A1EA90400A2A4BE /* WorkspaceViewModel.swift */ = {isa = PBXFileReference; lastKnownFileType = sourcecode.swift; path = WorkspaceViewModel.swift; sourceTree = "<group>"; };
		CAE4344E2A1EA9C400A2A4BE /* AnyComponent.swift */ = {isa = PBXFileReference; lastKnownFileType = sourcecode.swift; path = AnyComponent.swift; sourceTree = "<group>"; };
		CAE434542A213F8C00A2A4BE /* KanbanView.swift */ = {isa = PBXFileReference; lastKnownFileType = sourcecode.swift; path = KanbanView.swift; sourceTree = "<group>"; };
/* End PBXFileReference section */

/* Begin PBXFrameworksBuildPhase section */
		CAE4342E2A1E9DAF00A2A4BE /* Frameworks */ = {
			isa = PBXFrameworksBuildPhase;
			buildActionMask = 2147483647;
			files = (
				8657B8E52A2667990065EF04 /* RichTextKit in Frameworks */,
			);
			runOnlyForDeploymentPostprocessing = 0;
		};
/* End PBXFrameworksBuildPhase section */

/* Begin PBXGroup section */
		2716F6872A2670A100CAF94E /* login */ = {
			isa = PBXGroup;
			children = (
				2716F6882A2670D300CAF94E /* Login.swift */,
				2716F68A2A2670DA00CAF94E /* LoginViewModel.swift */,
				2716F6912A2676E300CAF94E /* LoginViewComponents.swift */,
			);
			path = login;
			sourceTree = "<group>";
		};
		27CAFDA92A27BEF300E88959 /* Documents */ = {
			isa = PBXGroup;
			children = (
				27CAFDAC2A27BF4C00E88959 /* Components */,
				27CAFDAA2A27BF0100E88959 /* DocumentsView.swift */,
				27CAFDB32A27C91600E88959 /* DocumentsViewModel.swift */,
			);
			path = Documents;
			sourceTree = "<group>";
		};
		27CAFDAC2A27BF4C00E88959 /* Components */ = {
			isa = PBXGroup;
			children = (
				27CAFDAD2A27BF5900E88959 /* TableHeader.swift */,
				27CAFDAF2A27C0CD00E88959 /* DocumentRow.swift */,
				27CAFDB12A27C67A00E88959 /* TableView.swift */,
			);
			path = Components;
			sourceTree = "<group>";
		};
		8657B8E02A2667650065EF04 /* Document */ = {
			isa = PBXGroup;
			children = (
				8657B8E12A26677A0065EF04 /* DocumentView.swift */,
				8657B8E82A26739E0065EF04 /* DocumentViewModel.swift */,
				8657B8E62A2673570065EF04 /* DocumenterrView.swift */,
			);
			path = Document;
			sourceTree = "<group>";
		};
		8657B8EB2A2676050065EF04 /* Service */ = {
			isa = PBXGroup;
			children = (
				8657B8EC2A2676270065EF04 /* DocumentService.swift */,
				8657B8F22A2692C20065EF04 /* TaskService.swift */,
				8657B8EE2A2676720065EF04 /* Global.swift */,
				8657B8FF2A27CF800065EF04 /* WorkspaceService.swift */,
				8657B9032A27D8680065EF04 /* AuthService.swift */,
			);
			path = Service;
			sourceTree = "<group>";
		};
		8657B8FC2A27C5FC0065EF04 /* Register_Compenent */ = {
			isa = PBXGroup;
			children = (
				8657B8F62A27C5EA0065EF04 /* Register.swift */,
				8657B8F82A27C5EA0065EF04 /* RegisterViewComponents.swift */,
				8657B8F72A27C5EA0065EF04 /* RegisterViewModel.swift */,
			);
			path = Register_Compenent;
			sourceTree = "<group>";
		};
		8F92A3292A21457F00D163D0 /* Extensions */ = {
			isa = PBXGroup;
			children = (
				8F92A32A2A21459700D163D0 /* Image.swift */,
				8F92A32E2A214D9000D163D0 /* MyCustomFonts.swift */,
				8F9145942A2522C60082F40A /* Color.swift */,
				8F31EA3D2A293B200048EFBD /* View.swift */,
			);
			path = Extensions;
			sourceTree = "<group>";
		};
		8F92A3322A214E0F00D163D0 /* Resources */ = {
			isa = PBXGroup;
			children = (
				CA9DB1C92A2678BD00B7478C /* SpaceGrotesk-Regular.ttf */,
				CA9DB1C72A26783C00B7478C /* SpaceGrotesk-SemiBold.ttf */,
				CA9DB1C82A26784300B7478C /* SpaceGrotesk-Bold.ttf */,
			);
			path = Resources;
			sourceTree = "<group>";
		};
		CA9DB1CA2A27E07600B7478C /* CreateTask */ = {
			isa = PBXGroup;
			children = (
				CA9DB1CB2A27E0AA00B7478C /* Views */,
				CA9DB1CC2A27E0B100B7478C /* ViewModel */,
			);
			path = CreateTask;
			sourceTree = "<group>";
		};
		CA9DB1CB2A27E0AA00B7478C /* Views */ = {
			isa = PBXGroup;
			children = (
				CA9DB1CD2A27E10C00B7478C /* CreateTaskView.swift */,
				CA9DB1CF2A27E38500B7478C /* SideBarCriarTask.swift */,
				CA6EC4FA2A29703E005F9FBD /* SideBarCriarTaskComponents.swift */,
				CA9DB1D12A27E5ED00B7478C /* TitleSideBarCriarTask.swift */,
			);
			path = Views;
			sourceTree = "<group>";
		};
		CA9DB1CC2A27E0B100B7478C /* ViewModel */ = {
			isa = PBXGroup;
			children = (
			);
			path = ViewModel;
			sourceTree = "<group>";
		};
		CAE434282A1E9DAF00A2A4BE = {
			isa = PBXGroup;
			children = (
				CAE434332A1E9DAF00A2A4BE /* Needle */,
				CAE434322A1E9DAF00A2A4BE /* Products */,
			);
			sourceTree = "<group>";
		};
		CAE434322A1E9DAF00A2A4BE /* Products */ = {
			isa = PBXGroup;
			children = (
				CAE434312A1E9DAF00A2A4BE /* Needle.app */,
			);
			name = Products;
			sourceTree = "<group>";
		};
		CAE434332A1E9DAF00A2A4BE /* Needle */ = {
			isa = PBXGroup;
			children = (
				8657B9052A28464C0065EF04 /* Info.plist */,
				8657B8EB2A2676050065EF04 /* Service */,
				CAE434342A1E9DAF00A2A4BE /* NeedleApp.swift */,
				8657B8FC2A27C5FC0065EF04 /* Register_Compenent */,
				CAE434432A1EA5B300A2A4BE /* Models */,
				CAE434442A1EA68B00A2A4BE /* Core */,
				8F92A3292A21457F00D163D0 /* Extensions */,
				8F92A3322A214E0F00D163D0 /* Resources */,
				CAE434382A1E9DB000A2A4BE /* Assets.xcassets */,
				CAE4343D2A1E9DB000A2A4BE /* Needle.entitlements */,
				CAE4343A2A1E9DB000A2A4BE /* Preview Content */,
			);
			path = Needle;
			sourceTree = "<group>";
		};
		CAE4343A2A1E9DB000A2A4BE /* Preview Content */ = {
			isa = PBXGroup;
			children = (
				CAE4343B2A1E9DB000A2A4BE /* Preview Assets.xcassets */,
			);
			path = "Preview Content";
			sourceTree = "<group>";
		};
		CAE434432A1EA5B300A2A4BE /* Models */ = {
			isa = PBXGroup;
			children = (
				CAE434452A1EA75D00A2A4BE /* WorkspaceModel.swift */,
				8657B9012A27D7CD0065EF04 /* UserModel.swift */,
				8657B8F02A2689840065EF04 /* DocumentModel.swift */,
				8657B8F42A2694240065EF04 /* TaskModel.swift */,
			);
			path = Models;
			sourceTree = "<group>";
		};
		CAE434442A1EA68B00A2A4BE /* Core */ = {
			isa = PBXGroup;
			children = (
				CA9DB1CA2A27E07600B7478C /* CreateTask */,
				27CAFDA92A27BEF300E88959 /* Documents */,
				2716F6872A2670A100CAF94E /* login */,
				8657B8E02A2667650065EF04 /* Document */,
				CAE434492A1EA87500A2A4BE /* Components */,
				CAE434512A213F4500A2A4BE /* Kanban */,
				CAE434472A1EA83500A2A4BE /* Workspace */,
			);
			path = Core;
			sourceTree = "<group>";
		};
		CAE434472A1EA83500A2A4BE /* Workspace */ = {
			isa = PBXGroup;
			children = (
				CAE4344C2A1EA97D00A2A4BE /* Views */,
				CAE4344D2A1EA98600A2A4BE /* ViewModels */,
			);
			path = Workspace;
			sourceTree = "<group>";
		};
		CAE434492A1EA87500A2A4BE /* Components */ = {
			isa = PBXGroup;
			children = (
				CAE4344E2A1EA9C400A2A4BE /* AnyComponent.swift */,
				760498162A27BD2700D46ABF /* PopUpComponents.swift */,
				7604981A2A27C9B000D46ABF /* InvitePopUpComponents.swift */,
				8F92A32C2A21483F00D163D0 /* HomeComponents.swift */,
				8F31EA332A290EDB0048EFBD /* WorkspaceComponents.swift */,
				8F31EA392A2935130048EFBD /* PopUpCreateWorkspaceComponents.swift */,
			);
			path = Components;
			sourceTree = "<group>";
		};
		CAE4344C2A1EA97D00A2A4BE /* Views */ = {
			isa = PBXGroup;
			children = (
				8657B8FD2A27C62A0065EF04 /* HomeView.swift */,
				CAE434362A1E9DAF00A2A4BE /* WorkspaceView.swift */,
				76EF28E92A26983D00CD9328 /* PopUpView.swift */,
				760498182A27C9A000D46ABF /* InvitePopUpView.swift */,
				8F31EA372A2933770048EFBD /* PopUpCreateWorkspaceView.swift */,
			);
			path = Views;
			sourceTree = "<group>";
		};
		CAE4344D2A1EA98600A2A4BE /* ViewModels */ = {
			isa = PBXGroup;
			children = (
				CAE4344A2A1EA90400A2A4BE /* WorkspaceViewModel.swift */,
			);
			path = ViewModels;
			sourceTree = "<group>";
		};
		CAE434512A213F4500A2A4BE /* Kanban */ = {
			isa = PBXGroup;
			children = (
				CAE434522A213F4F00A2A4BE /* Views */,
				CAE434532A213F5900A2A4BE /* ViewsModels */,
			);
			path = Kanban;
			sourceTree = "<group>";
		};
		CAE434522A213F4F00A2A4BE /* Views */ = {
			isa = PBXGroup;
			children = (
				CAE434542A213F8C00A2A4BE /* KanbanView.swift */,
				CA47E0322A21413800A63F28 /* KanbanComponentView.swift */,
				CA47E0342A21444300A63F28 /* KanbanTaskComponentView.swift */,
				CA47E0382A21484F00A63F28 /* TaskTagView.swift */,
				CA6B4C112A25249D00CB0AB7 /* KanbanColumnTitle.swift */,
				CA6B4C132A259D7400CB0AB7 /* KanbanSideBarView.swift */,
			);
			path = Views;
			sourceTree = "<group>";
		};
		CAE434532A213F5900A2A4BE /* ViewsModels */ = {
			isa = PBXGroup;
			children = (
				CA6B4C152A259DEB00CB0AB7 /* KanbanViewModel.swift */,
				CA9183B02A2841D600D4AD6A /* KanbanComponentViewModel.swift */,
			);
			path = ViewsModels;
			sourceTree = "<group>";
		};
/* End PBXGroup section */

/* Begin PBXNativeTarget section */
		CAE434302A1E9DAF00A2A4BE /* Needle */ = {
			isa = PBXNativeTarget;
			buildConfigurationList = CAE434402A1E9DB000A2A4BE /* Build configuration list for PBXNativeTarget "Needle" */;
			buildPhases = (
				CAE4342D2A1E9DAF00A2A4BE /* Sources */,
				CAE4342E2A1E9DAF00A2A4BE /* Frameworks */,
				CAE4342F2A1E9DAF00A2A4BE /* Resources */,
			);
			buildRules = (
			);
			dependencies = (
			);
			name = Needle;
			packageProductDependencies = (
				8657B8E42A2667990065EF04 /* RichTextKit */,
			);
			productName = Needle;
			productReference = CAE434312A1E9DAF00A2A4BE /* Needle.app */;
			productType = "com.apple.product-type.application";
		};
/* End PBXNativeTarget section */

/* Begin PBXProject section */
		CAE434292A1E9DAF00A2A4BE /* Project object */ = {
			isa = PBXProject;
			attributes = {
				BuildIndependentTargetsInParallel = 1;
				LastSwiftUpdateCheck = 1420;
				LastUpgradeCheck = 1420;
				TargetAttributes = {
					CAE434302A1E9DAF00A2A4BE = {
						CreatedOnToolsVersion = 14.2;
					};
				};
			};
			buildConfigurationList = CAE4342C2A1E9DAF00A2A4BE /* Build configuration list for PBXProject "Needle" */;
			compatibilityVersion = "Xcode 14.0";
			developmentRegion = en;
			hasScannedForEncodings = 0;
			knownRegions = (
				en,
				Base,
			);
			mainGroup = CAE434282A1E9DAF00A2A4BE;
			packageReferences = (
				8657B8E32A2667990065EF04 /* XCRemoteSwiftPackageReference "RichTextKit" */,
			);
			productRefGroup = CAE434322A1E9DAF00A2A4BE /* Products */;
			projectDirPath = "";
			projectRoot = "";
			targets = (
				CAE434302A1E9DAF00A2A4BE /* Needle */,
			);
		};
/* End PBXProject section */

/* Begin PBXResourcesBuildPhase section */
		CAE4342F2A1E9DAF00A2A4BE /* Resources */ = {
			isa = PBXResourcesBuildPhase;
			buildActionMask = 2147483647;
			files = (
				CAE4343C2A1E9DB000A2A4BE /* Preview Assets.xcassets in Resources */,
				CAE434392A1E9DB000A2A4BE /* Assets.xcassets in Resources */,
			);
			runOnlyForDeploymentPostprocessing = 0;
		};
/* End PBXResourcesBuildPhase section */

/* Begin PBXSourcesBuildPhase section */
		CAE4342D2A1E9DAF00A2A4BE /* Sources */ = {
			isa = PBXSourcesBuildPhase;
			buildActionMask = 2147483647;
			files = (
				76EF28EA2A26983D00CD9328 /* PopUpView.swift in Sources */,
				8F92A32B2A21459700D163D0 /* Image.swift in Sources */,
				8F9145952A2522C60082F40A /* Color.swift in Sources */,
				8657B8F92A27C5EA0065EF04 /* Register.swift in Sources */,
				8657B9002A27CF800065EF04 /* WorkspaceService.swift in Sources */,
				CAE434462A1EA75D00A2A4BE /* WorkspaceModel.swift in Sources */,
				27CAFDAE2A27BF5900E88959 /* TableHeader.swift in Sources */,
				8F31EA382A2933770048EFBD /* PopUpCreateWorkspaceView.swift in Sources */,
				2716F6922A2676E300CAF94E /* LoginViewComponents.swift in Sources */,
				27CAFDB02A27C0CD00E88959 /* DocumentRow.swift in Sources */,
				CA9DB1D22A27E5ED00B7478C /* TitleSideBarCriarTask.swift in Sources */,
				CA6EC4FB2A29703E005F9FBD /* SideBarCriarTaskComponents.swift in Sources */,
				27CAFDB22A27C67A00E88959 /* TableView.swift in Sources */,
				CA9DB1D02A27E38500B7478C /* SideBarCriarTask.swift in Sources */,
				CA6B4C122A25249D00CB0AB7 /* KanbanColumnTitle.swift in Sources */,
				27CAFDAB2A27BF0100E88959 /* DocumentsView.swift in Sources */,
				8657B8FA2A27C5EA0065EF04 /* RegisterViewModel.swift in Sources */,
				CA6B4C122A25249D00CB0AB7 /* KanbanColumnTitle.swift in Sources */,
				8657B8FE2A27C62A0065EF04 /* HomeView.swift in Sources */,
				CA47E0392A21484F00A63F28 /* TaskTagView.swift in Sources */,
				8657B8E92A26739E0065EF04 /* DocumentViewModel.swift in Sources */,
				8657B8E72A2673570065EF04 /* DocumenterrView.swift in Sources */,
				8F92A32F2A214D9100D163D0 /* MyCustomFonts.swift in Sources */,
				760498192A27C9A000D46ABF /* InvitePopUpView.swift in Sources */,
				8657B8FB2A27C5EA0065EF04 /* RegisterViewComponents.swift in Sources */,
				8657B8ED2A2676270065EF04 /* DocumentService.swift in Sources */,
				CAE434372A1E9DAF00A2A4BE /* WorkspaceView.swift in Sources */,
				8657B8EF2A2676720065EF04 /* Global.swift in Sources */,
				7604981B2A27C9B000D46ABF /* InvitePopUpComponents.swift in Sources */,
				CAE4344F2A1EA9C400A2A4BE /* AnyComponent.swift in Sources */,
				CA6B4C142A259D7400CB0AB7 /* KanbanSideBarView.swift in Sources */,
				CA47E0332A21413800A63F28 /* KanbanComponentView.swift in Sources */,
				CA47E0352A21444300A63F28 /* KanbanTaskComponentView.swift in Sources */,
				8F31EA3A2A2935130048EFBD /* PopUpCreateWorkspaceComponents.swift in Sources */,
				CAE434552A213F8C00A2A4BE /* KanbanView.swift in Sources */,
				CAE4344B2A1EA90400A2A4BE /* WorkspaceViewModel.swift in Sources */,
				760498172A27BD2700D46ABF /* PopUpComponents.swift in Sources */,
				2716F68B2A2670DA00CAF94E /* LoginViewModel.swift in Sources */,
				8F92A32D2A21483F00D163D0 /* HomeComponents.swift in Sources */,
				2716F6892A2670D300CAF94E /* Login.swift in Sources */,
				8F31EA3E2A293B200048EFBD /* View.swift in Sources */,
				8657B8E22A26677A0065EF04 /* DocumentView.swift in Sources */,
				8657B8F52A2694240065EF04 /* TaskModel.swift in Sources */,
				8657B8F32A2692C20065EF04 /* TaskService.swift in Sources */,
				8657B9042A27D8680065EF04 /* AuthService.swift in Sources */,
				CAE4344B2A1EA90400A2A4BE /* WorkspaceViewModel.swift in Sources */,
				8F31EA342A290EDB0048EFBD /* WorkspaceComponents.swift in Sources */,
				8F92A32D2A21483F00D163D0 /* HomeComponents.swift in Sources */,
				8657B8F12A2689840065EF04 /* DocumentModel.swift in Sources */,
				CA9183B12A2841D600D4AD6A /* KanbanComponentViewModel.swift in Sources */,
				CAE434352A1E9DAF00A2A4BE /* NeedleApp.swift in Sources */,
				8657B9022A27D7CD0065EF04 /* UserModel.swift in Sources */,
				CA9DB1CE2A27E10C00B7478C /* CreateTaskView.swift in Sources */,
				CA6B4C162A259DEB00CB0AB7 /* KanbanViewModel.swift in Sources */,
				27CAFDB42A27C91600E88959 /* DocumentsViewModel.swift in Sources */,
			);
			runOnlyForDeploymentPostprocessing = 0;
		};
/* End PBXSourcesBuildPhase section */

/* Begin XCBuildConfiguration section */
		CAE4343E2A1E9DB000A2A4BE /* Debug */ = {
			isa = XCBuildConfiguration;
			buildSettings = {
				ALWAYS_SEARCH_USER_PATHS = NO;
				CLANG_ANALYZER_NONNULL = YES;
				CLANG_ANALYZER_NUMBER_OBJECT_CONVERSION = YES_AGGRESSIVE;
				CLANG_CXX_LANGUAGE_STANDARD = "gnu++20";
				CLANG_ENABLE_MODULES = YES;
				CLANG_ENABLE_OBJC_ARC = YES;
				CLANG_ENABLE_OBJC_WEAK = YES;
				CLANG_WARN_BLOCK_CAPTURE_AUTORELEASING = YES;
				CLANG_WARN_BOOL_CONVERSION = YES;
				CLANG_WARN_COMMA = YES;
				CLANG_WARN_CONSTANT_CONVERSION = YES;
				CLANG_WARN_DEPRECATED_OBJC_IMPLEMENTATIONS = YES;
				CLANG_WARN_DIRECT_OBJC_ISA_USAGE = YES_ERROR;
				CLANG_WARN_DOCUMENTATION_COMMENTS = YES;
				CLANG_WARN_EMPTY_BODY = YES;
				CLANG_WARN_ENUM_CONVERSION = YES;
				CLANG_WARN_INFINITE_RECURSION = YES;
				CLANG_WARN_INT_CONVERSION = YES;
				CLANG_WARN_NON_LITERAL_NULL_CONVERSION = YES;
				CLANG_WARN_OBJC_IMPLICIT_RETAIN_SELF = YES;
				CLANG_WARN_OBJC_LITERAL_CONVERSION = YES;
				CLANG_WARN_OBJC_ROOT_CLASS = YES_ERROR;
				CLANG_WARN_QUOTED_INCLUDE_IN_FRAMEWORK_HEADER = YES;
				CLANG_WARN_RANGE_LOOP_ANALYSIS = YES;
				CLANG_WARN_STRICT_PROTOTYPES = YES;
				CLANG_WARN_SUSPICIOUS_MOVE = YES;
				CLANG_WARN_UNGUARDED_AVAILABILITY = YES_AGGRESSIVE;
				CLANG_WARN_UNREACHABLE_CODE = YES;
				CLANG_WARN__DUPLICATE_METHOD_MATCH = YES;
				COPY_PHASE_STRIP = NO;
				DEBUG_INFORMATION_FORMAT = dwarf;
				ENABLE_STRICT_OBJC_MSGSEND = YES;
				ENABLE_TESTABILITY = YES;
				GCC_C_LANGUAGE_STANDARD = gnu11;
				GCC_DYNAMIC_NO_PIC = NO;
				GCC_NO_COMMON_BLOCKS = YES;
				GCC_OPTIMIZATION_LEVEL = 0;
				GCC_PREPROCESSOR_DEFINITIONS = (
					"DEBUG=1",
					"$(inherited)",
				);
				GCC_WARN_64_TO_32_BIT_CONVERSION = YES;
				GCC_WARN_ABOUT_RETURN_TYPE = YES_ERROR;
				GCC_WARN_UNDECLARED_SELECTOR = YES;
				GCC_WARN_UNINITIALIZED_AUTOS = YES_AGGRESSIVE;
				GCC_WARN_UNUSED_FUNCTION = YES;
				GCC_WARN_UNUSED_VARIABLE = YES;
				MACOSX_DEPLOYMENT_TARGET = 13.0;
				MTL_ENABLE_DEBUG_INFO = INCLUDE_SOURCE;
				MTL_FAST_MATH = YES;
				ONLY_ACTIVE_ARCH = YES;
				SDKROOT = macosx;
				SWIFT_ACTIVE_COMPILATION_CONDITIONS = DEBUG;
				SWIFT_OPTIMIZATION_LEVEL = "-Onone";
			};
			name = Debug;
		};
		CAE4343F2A1E9DB000A2A4BE /* Release */ = {
			isa = XCBuildConfiguration;
			buildSettings = {
				ALWAYS_SEARCH_USER_PATHS = NO;
				CLANG_ANALYZER_NONNULL = YES;
				CLANG_ANALYZER_NUMBER_OBJECT_CONVERSION = YES_AGGRESSIVE;
				CLANG_CXX_LANGUAGE_STANDARD = "gnu++20";
				CLANG_ENABLE_MODULES = YES;
				CLANG_ENABLE_OBJC_ARC = YES;
				CLANG_ENABLE_OBJC_WEAK = YES;
				CLANG_WARN_BLOCK_CAPTURE_AUTORELEASING = YES;
				CLANG_WARN_BOOL_CONVERSION = YES;
				CLANG_WARN_COMMA = YES;
				CLANG_WARN_CONSTANT_CONVERSION = YES;
				CLANG_WARN_DEPRECATED_OBJC_IMPLEMENTATIONS = YES;
				CLANG_WARN_DIRECT_OBJC_ISA_USAGE = YES_ERROR;
				CLANG_WARN_DOCUMENTATION_COMMENTS = YES;
				CLANG_WARN_EMPTY_BODY = YES;
				CLANG_WARN_ENUM_CONVERSION = YES;
				CLANG_WARN_INFINITE_RECURSION = YES;
				CLANG_WARN_INT_CONVERSION = YES;
				CLANG_WARN_NON_LITERAL_NULL_CONVERSION = YES;
				CLANG_WARN_OBJC_IMPLICIT_RETAIN_SELF = YES;
				CLANG_WARN_OBJC_LITERAL_CONVERSION = YES;
				CLANG_WARN_OBJC_ROOT_CLASS = YES_ERROR;
				CLANG_WARN_QUOTED_INCLUDE_IN_FRAMEWORK_HEADER = YES;
				CLANG_WARN_RANGE_LOOP_ANALYSIS = YES;
				CLANG_WARN_STRICT_PROTOTYPES = YES;
				CLANG_WARN_SUSPICIOUS_MOVE = YES;
				CLANG_WARN_UNGUARDED_AVAILABILITY = YES_AGGRESSIVE;
				CLANG_WARN_UNREACHABLE_CODE = YES;
				CLANG_WARN__DUPLICATE_METHOD_MATCH = YES;
				COPY_PHASE_STRIP = NO;
				DEBUG_INFORMATION_FORMAT = "dwarf-with-dsym";
				ENABLE_NS_ASSERTIONS = NO;
				ENABLE_STRICT_OBJC_MSGSEND = YES;
				GCC_C_LANGUAGE_STANDARD = gnu11;
				GCC_NO_COMMON_BLOCKS = YES;
				GCC_WARN_64_TO_32_BIT_CONVERSION = YES;
				GCC_WARN_ABOUT_RETURN_TYPE = YES_ERROR;
				GCC_WARN_UNDECLARED_SELECTOR = YES;
				GCC_WARN_UNINITIALIZED_AUTOS = YES_AGGRESSIVE;
				GCC_WARN_UNUSED_FUNCTION = YES;
				GCC_WARN_UNUSED_VARIABLE = YES;
				MACOSX_DEPLOYMENT_TARGET = 13.0;
				MTL_ENABLE_DEBUG_INFO = NO;
				MTL_FAST_MATH = YES;
				SDKROOT = macosx;
				SWIFT_COMPILATION_MODE = wholemodule;
				SWIFT_OPTIMIZATION_LEVEL = "-O";
			};
			name = Release;
		};
		CAE434412A1E9DB000A2A4BE /* Debug */ = {
			isa = XCBuildConfiguration;
			buildSettings = {
				ASSETCATALOG_COMPILER_APPICON_NAME = AppIcon;
				ASSETCATALOG_COMPILER_GLOBAL_ACCENT_COLOR_NAME = AccentColor;
				CODE_SIGN_ENTITLEMENTS = Needle/Needle.entitlements;
				"CODE_SIGN_IDENTITY[sdk=macosx*]" = "Apple Development";
				CODE_SIGN_STYLE = Automatic;
				COMBINE_HIDPI_IMAGES = YES;
				CURRENT_PROJECT_VERSION = 1;
				DEVELOPMENT_ASSET_PATHS = "\"Needle/Preview Content\"";
				DEVELOPMENT_TEAM = XST7PF6RZ3;
				ENABLE_HARDENED_RUNTIME = YES;
				ENABLE_PREVIEWS = YES;
				GENERATE_INFOPLIST_FILE = YES;
				INFOPLIST_FILE = Needle/Info.plist;
				INFOPLIST_KEY_LSApplicationCategoryType = "";
				INFOPLIST_KEY_NSHumanReadableCopyright = "";
				LD_RUNPATH_SEARCH_PATHS = (
					"$(inherited)",
					"@executable_path/../Frameworks",
				);
				MACOSX_DEPLOYMENT_TARGET = 13.0;
				MARKETING_VERSION = 1.0;
				PRODUCT_BUNDLE_IDENTIFIER = br.ufpe.cin.academy.gfrm.Needle;
				PRODUCT_NAME = "$(TARGET_NAME)";
				SWIFT_EMIT_LOC_STRINGS = YES;
				SWIFT_VERSION = 5.0;
			};
			name = Debug;
		};
		CAE434422A1E9DB000A2A4BE /* Release */ = {
			isa = XCBuildConfiguration;
			buildSettings = {
				ASSETCATALOG_COMPILER_APPICON_NAME = AppIcon;
				ASSETCATALOG_COMPILER_GLOBAL_ACCENT_COLOR_NAME = AccentColor;
				CODE_SIGN_ENTITLEMENTS = Needle/Needle.entitlements;
				"CODE_SIGN_IDENTITY[sdk=macosx*]" = "Apple Development";
				CODE_SIGN_STYLE = Automatic;
				COMBINE_HIDPI_IMAGES = YES;
				CURRENT_PROJECT_VERSION = 1;
				DEVELOPMENT_ASSET_PATHS = "\"Needle/Preview Content\"";
				DEVELOPMENT_TEAM = XST7PF6RZ3;
				ENABLE_HARDENED_RUNTIME = YES;
				ENABLE_PREVIEWS = YES;
				GENERATE_INFOPLIST_FILE = YES;
				INFOPLIST_FILE = Needle/Info.plist;
				INFOPLIST_KEY_LSApplicationCategoryType = "";
				INFOPLIST_KEY_NSHumanReadableCopyright = "";
				LD_RUNPATH_SEARCH_PATHS = (
					"$(inherited)",
					"@executable_path/../Frameworks",
				);
				MACOSX_DEPLOYMENT_TARGET = 13.0;
				MARKETING_VERSION = 1.0;
				PRODUCT_BUNDLE_IDENTIFIER = br.ufpe.cin.academy.gfrm.Needle;
				PRODUCT_NAME = "$(TARGET_NAME)";
				SWIFT_EMIT_LOC_STRINGS = YES;
				SWIFT_VERSION = 5.0;
			};
			name = Release;
		};
/* End XCBuildConfiguration section */

/* Begin XCConfigurationList section */
		CAE4342C2A1E9DAF00A2A4BE /* Build configuration list for PBXProject "Needle" */ = {
			isa = XCConfigurationList;
			buildConfigurations = (
				CAE4343E2A1E9DB000A2A4BE /* Debug */,
				CAE4343F2A1E9DB000A2A4BE /* Release */,
			);
			defaultConfigurationIsVisible = 0;
			defaultConfigurationName = Release;
		};
		CAE434402A1E9DB000A2A4BE /* Build configuration list for PBXNativeTarget "Needle" */ = {
			isa = XCConfigurationList;
			buildConfigurations = (
				CAE434412A1E9DB000A2A4BE /* Debug */,
				CAE434422A1E9DB000A2A4BE /* Release */,
			);
			defaultConfigurationIsVisible = 0;
			defaultConfigurationName = Release;
		};
/* End XCConfigurationList section */

/* Begin XCRemoteSwiftPackageReference section */
		8657B8E32A2667990065EF04 /* XCRemoteSwiftPackageReference "RichTextKit" */ = {
			isa = XCRemoteSwiftPackageReference;
			repositoryURL = "https://github.com/danielsaidi/RichTextKit.git";
			requirement = {
				kind = upToNextMajorVersion;
				minimumVersion = 0.5.2;
			};
		};
/* End XCRemoteSwiftPackageReference section */

/* Begin XCSwiftPackageProductDependency section */
		8657B8E42A2667990065EF04 /* RichTextKit */ = {
			isa = XCSwiftPackageProductDependency;
			package = 8657B8E32A2667990065EF04 /* XCRemoteSwiftPackageReference "RichTextKit" */;
			productName = RichTextKit;
		};
/* End XCSwiftPackageProductDependency section */
	};
	rootObject = CAE434292A1E9DAF00A2A4BE /* Project object */;
}
