// !$*UTF8*$!
{
	archiveVersion = 1;
	classes = {
	};
	objectVersion = 56;
	objects = {

/* Begin PBXBuildFile section */
		2716F6892A2670D300CAF94E /* Login.swift in Sources */ = {isa = PBXBuildFile; fileRef = 2716F6882A2670D300CAF94E /* Login.swift */; };
		2716F68B2A2670DA00CAF94E /* LoginViewModel.swift in Sources */ = {isa = PBXBuildFile; fileRef = 2716F68A2A2670DA00CAF94E /* LoginViewModel.swift */; };
		2716F6922A2676E300CAF94E /* LoginViewComponents.swift in Sources */ = {isa = PBXBuildFile; fileRef = 2716F6912A2676E300CAF94E /* LoginViewComponents.swift */; };
		279FB7872A26947F00DF8D01 /* Register.swift in Sources */ = {isa = PBXBuildFile; fileRef = 279FB7862A26947F00DF8D01 /* Register.swift */; };
		279FB7892A26948F00DF8D01 /* RegisterViewModel.swift in Sources */ = {isa = PBXBuildFile; fileRef = 279FB7882A26948F00DF8D01 /* RegisterViewModel.swift */; };
		279FB78B2A26949C00DF8D01 /* RegisterViewComponents.swift in Sources */ = {isa = PBXBuildFile; fileRef = 279FB78A2A26949C00DF8D01 /* RegisterViewComponents.swift */; };
		27CAFDAB2A27BF0100E88959 /* DocumentsView.swift in Sources */ = {isa = PBXBuildFile; fileRef = 27CAFDAA2A27BF0100E88959 /* DocumentsView.swift */; };
		27CAFDAE2A27BF5900E88959 /* TableHeader.swift in Sources */ = {isa = PBXBuildFile; fileRef = 27CAFDAD2A27BF5900E88959 /* TableHeader.swift */; };
		27CAFDB02A27C0CD00E88959 /* DocumentRow.swift in Sources */ = {isa = PBXBuildFile; fileRef = 27CAFDAF2A27C0CD00E88959 /* DocumentRow.swift */; };
		27CAFDB22A27C67A00E88959 /* TableView.swift in Sources */ = {isa = PBXBuildFile; fileRef = 27CAFDB12A27C67A00E88959 /* TableView.swift */; };
		27CAFDB42A27C91600E88959 /* DocumentsViewModel.swift in Sources */ = {isa = PBXBuildFile; fileRef = 27CAFDB32A27C91600E88959 /* DocumentsViewModel.swift */; };
		8F9145952A2522C60082F40A /* Color.swift in Sources */ = {isa = PBXBuildFile; fileRef = 8F9145942A2522C60082F40A /* Color.swift */; };
		8F92A3262A21416100D163D0 /* HomeView.swift in Sources */ = {isa = PBXBuildFile; fileRef = 8F92A3252A21416100D163D0 /* HomeView.swift */; };
		8F92A3282A2143D900D163D0 /* TesteView.swift in Sources */ = {isa = PBXBuildFile; fileRef = 8F92A3272A2143D900D163D0 /* TesteView.swift */; };
		8F92A32B2A21459700D163D0 /* Image.swift in Sources */ = {isa = PBXBuildFile; fileRef = 8F92A32A2A21459700D163D0 /* Image.swift */; };
		8F92A32D2A21483F00D163D0 /* HomeComponents.swift in Sources */ = {isa = PBXBuildFile; fileRef = 8F92A32C2A21483F00D163D0 /* HomeComponents.swift */; };
		8F92A32F2A214D9100D163D0 /* MyCustomFonts.swift in Sources */ = {isa = PBXBuildFile; fileRef = 8F92A32E2A214D9000D163D0 /* MyCustomFonts.swift */; };
		8F92A3342A214E3800D163D0 /* SpaceGrotesk.ttf in Resources */ = {isa = PBXBuildFile; fileRef = 8F92A3332A214E3800D163D0 /* SpaceGrotesk.ttf */; };
		CA47E0332A21413800A63F28 /* KanbanComponentView.swift in Sources */ = {isa = PBXBuildFile; fileRef = CA47E0322A21413800A63F28 /* KanbanComponentView.swift */; };
		CA47E0352A21444300A63F28 /* KanbanTaskComponentView.swift in Sources */ = {isa = PBXBuildFile; fileRef = CA47E0342A21444300A63F28 /* KanbanTaskComponentView.swift */; };
		CA47E0372A2145A600A63F28 /* TaskModel.swift in Sources */ = {isa = PBXBuildFile; fileRef = CA47E0362A2145A600A63F28 /* TaskModel.swift */; };
		CA47E0392A21484F00A63F28 /* TaskTagView.swift in Sources */ = {isa = PBXBuildFile; fileRef = CA47E0382A21484F00A63F28 /* TaskTagView.swift */; };
		CA6B4C122A25249D00CB0AB7 /* KanbanColumnTitle.swift in Sources */ = {isa = PBXBuildFile; fileRef = CA6B4C112A25249D00CB0AB7 /* KanbanColumnTitle.swift */; };
		CA6B4C142A259D7400CB0AB7 /* KanbanSideBarView.swift in Sources */ = {isa = PBXBuildFile; fileRef = CA6B4C132A259D7400CB0AB7 /* KanbanSideBarView.swift */; };
		CA6B4C162A259DEB00CB0AB7 /* KanbanViewModel.swift in Sources */ = {isa = PBXBuildFile; fileRef = CA6B4C152A259DEB00CB0AB7 /* KanbanViewModel.swift */; };
		CAE434352A1E9DAF00A2A4BE /* NeedleApp.swift in Sources */ = {isa = PBXBuildFile; fileRef = CAE434342A1E9DAF00A2A4BE /* NeedleApp.swift */; };
		CAE434372A1E9DAF00A2A4BE /* WorkspaceView.swift in Sources */ = {isa = PBXBuildFile; fileRef = CAE434362A1E9DAF00A2A4BE /* WorkspaceView.swift */; };
		CAE434392A1E9DB000A2A4BE /* Assets.xcassets in Resources */ = {isa = PBXBuildFile; fileRef = CAE434382A1E9DB000A2A4BE /* Assets.xcassets */; };
		CAE4343C2A1E9DB000A2A4BE /* Preview Assets.xcassets in Resources */ = {isa = PBXBuildFile; fileRef = CAE4343B2A1E9DB000A2A4BE /* Preview Assets.xcassets */; };
		CAE434462A1EA75D00A2A4BE /* WorkspaceModel.swift in Sources */ = {isa = PBXBuildFile; fileRef = CAE434452A1EA75D00A2A4BE /* WorkspaceModel.swift */; };
		CAE4344B2A1EA90400A2A4BE /* WorkspaceViewModel.swift in Sources */ = {isa = PBXBuildFile; fileRef = CAE4344A2A1EA90400A2A4BE /* WorkspaceViewModel.swift */; };
		CAE4344F2A1EA9C400A2A4BE /* AnyComponent.swift in Sources */ = {isa = PBXBuildFile; fileRef = CAE4344E2A1EA9C400A2A4BE /* AnyComponent.swift */; };
		CAE434552A213F8C00A2A4BE /* KanbanView.swift in Sources */ = {isa = PBXBuildFile; fileRef = CAE434542A213F8C00A2A4BE /* KanbanView.swift */; };
/* End PBXBuildFile section */

/* Begin PBXFileReference section */
		2716F6882A2670D300CAF94E /* Login.swift */ = {isa = PBXFileReference; lastKnownFileType = sourcecode.swift; path = Login.swift; sourceTree = "<group>"; };
		2716F68A2A2670DA00CAF94E /* LoginViewModel.swift */ = {isa = PBXFileReference; lastKnownFileType = sourcecode.swift; path = LoginViewModel.swift; sourceTree = "<group>"; };
		2716F6912A2676E300CAF94E /* LoginViewComponents.swift */ = {isa = PBXFileReference; lastKnownFileType = sourcecode.swift; path = LoginViewComponents.swift; sourceTree = "<group>"; };
		279FB7862A26947F00DF8D01 /* Register.swift */ = {isa = PBXFileReference; lastKnownFileType = sourcecode.swift; path = Register.swift; sourceTree = "<group>"; };
		279FB7882A26948F00DF8D01 /* RegisterViewModel.swift */ = {isa = PBXFileReference; lastKnownFileType = sourcecode.swift; path = RegisterViewModel.swift; sourceTree = "<group>"; };
		279FB78A2A26949C00DF8D01 /* RegisterViewComponents.swift */ = {isa = PBXFileReference; lastKnownFileType = sourcecode.swift; path = RegisterViewComponents.swift; sourceTree = "<group>"; };
		27CAFDAA2A27BF0100E88959 /* DocumentsView.swift */ = {isa = PBXFileReference; lastKnownFileType = sourcecode.swift; path = DocumentsView.swift; sourceTree = "<group>"; };
		27CAFDAD2A27BF5900E88959 /* TableHeader.swift */ = {isa = PBXFileReference; lastKnownFileType = sourcecode.swift; path = TableHeader.swift; sourceTree = "<group>"; };
		27CAFDAF2A27C0CD00E88959 /* DocumentRow.swift */ = {isa = PBXFileReference; lastKnownFileType = sourcecode.swift; path = DocumentRow.swift; sourceTree = "<group>"; };
		27CAFDB12A27C67A00E88959 /* TableView.swift */ = {isa = PBXFileReference; lastKnownFileType = sourcecode.swift; path = TableView.swift; sourceTree = "<group>"; };
		27CAFDB32A27C91600E88959 /* DocumentsViewModel.swift */ = {isa = PBXFileReference; lastKnownFileType = sourcecode.swift; path = DocumentsViewModel.swift; sourceTree = "<group>"; };
		8F9145942A2522C60082F40A /* Color.swift */ = {isa = PBXFileReference; lastKnownFileType = sourcecode.swift; path = Color.swift; sourceTree = "<group>"; };
		8F92A3252A21416100D163D0 /* HomeView.swift */ = {isa = PBXFileReference; lastKnownFileType = sourcecode.swift; path = HomeView.swift; sourceTree = "<group>"; };
		8F92A3272A2143D900D163D0 /* TesteView.swift */ = {isa = PBXFileReference; lastKnownFileType = sourcecode.swift; path = TesteView.swift; sourceTree = "<group>"; };
		8F92A32A2A21459700D163D0 /* Image.swift */ = {isa = PBXFileReference; lastKnownFileType = sourcecode.swift; path = Image.swift; sourceTree = "<group>"; };
		8F92A32C2A21483F00D163D0 /* HomeComponents.swift */ = {isa = PBXFileReference; lastKnownFileType = sourcecode.swift; path = HomeComponents.swift; sourceTree = "<group>"; };
		8F92A32E2A214D9000D163D0 /* MyCustomFonts.swift */ = {isa = PBXFileReference; lastKnownFileType = sourcecode.swift; path = MyCustomFonts.swift; sourceTree = "<group>"; };
		8F92A3332A214E3800D163D0 /* SpaceGrotesk.ttf */ = {isa = PBXFileReference; lastKnownFileType = file; path = SpaceGrotesk.ttf; sourceTree = "<group>"; };
		CA47E0322A21413800A63F28 /* KanbanComponentView.swift */ = {isa = PBXFileReference; lastKnownFileType = sourcecode.swift; path = KanbanComponentView.swift; sourceTree = "<group>"; };
		CA47E0342A21444300A63F28 /* KanbanTaskComponentView.swift */ = {isa = PBXFileReference; lastKnownFileType = sourcecode.swift; path = KanbanTaskComponentView.swift; sourceTree = "<group>"; };
		CA47E0362A2145A600A63F28 /* TaskModel.swift */ = {isa = PBXFileReference; lastKnownFileType = sourcecode.swift; path = TaskModel.swift; sourceTree = "<group>"; };
		CA47E0382A21484F00A63F28 /* TaskTagView.swift */ = {isa = PBXFileReference; lastKnownFileType = sourcecode.swift; path = TaskTagView.swift; sourceTree = "<group>"; };
		CA6B4C112A25249D00CB0AB7 /* KanbanColumnTitle.swift */ = {isa = PBXFileReference; lastKnownFileType = sourcecode.swift; path = KanbanColumnTitle.swift; sourceTree = "<group>"; };
		CA6B4C132A259D7400CB0AB7 /* KanbanSideBarView.swift */ = {isa = PBXFileReference; lastKnownFileType = sourcecode.swift; path = KanbanSideBarView.swift; sourceTree = "<group>"; };
		CA6B4C152A259DEB00CB0AB7 /* KanbanViewModel.swift */ = {isa = PBXFileReference; lastKnownFileType = sourcecode.swift; path = KanbanViewModel.swift; sourceTree = "<group>"; };
		CAE434312A1E9DAF00A2A4BE /* Needle.app */ = {isa = PBXFileReference; explicitFileType = wrapper.application; includeInIndex = 0; path = Needle.app; sourceTree = BUILT_PRODUCTS_DIR; };
		CAE434342A1E9DAF00A2A4BE /* NeedleApp.swift */ = {isa = PBXFileReference; lastKnownFileType = sourcecode.swift; path = NeedleApp.swift; sourceTree = "<group>"; };
		CAE434362A1E9DAF00A2A4BE /* WorkspaceView.swift */ = {isa = PBXFileReference; lastKnownFileType = sourcecode.swift; path = WorkspaceView.swift; sourceTree = "<group>"; };
		CAE434382A1E9DB000A2A4BE /* Assets.xcassets */ = {isa = PBXFileReference; lastKnownFileType = folder.assetcatalog; path = Assets.xcassets; sourceTree = "<group>"; };
		CAE4343B2A1E9DB000A2A4BE /* Preview Assets.xcassets */ = {isa = PBXFileReference; lastKnownFileType = folder.assetcatalog; path = "Preview Assets.xcassets"; sourceTree = "<group>"; };
		CAE4343D2A1E9DB000A2A4BE /* Needle.entitlements */ = {isa = PBXFileReference; lastKnownFileType = text.plist.entitlements; path = Needle.entitlements; sourceTree = "<group>"; };
		CAE434452A1EA75D00A2A4BE /* WorkspaceModel.swift */ = {isa = PBXFileReference; lastKnownFileType = sourcecode.swift; path = WorkspaceModel.swift; sourceTree = "<group>"; };
		CAE4344A2A1EA90400A2A4BE /* WorkspaceViewModel.swift */ = {isa = PBXFileReference; lastKnownFileType = sourcecode.swift; path = WorkspaceViewModel.swift; sourceTree = "<group>"; };
		CAE4344E2A1EA9C400A2A4BE /* AnyComponent.swift */ = {isa = PBXFileReference; lastKnownFileType = sourcecode.swift; path = AnyComponent.swift; sourceTree = "<group>"; };
		CAE434542A213F8C00A2A4BE /* KanbanView.swift */ = {isa = PBXFileReference; lastKnownFileType = sourcecode.swift; path = KanbanView.swift; sourceTree = "<group>"; };
/* End PBXFileReference section */

/* Begin PBXFrameworksBuildPhase section */
		CAE4342E2A1E9DAF00A2A4BE /* Frameworks */ = {
			isa = PBXFrameworksBuildPhase;
			buildActionMask = 2147483647;
			files = (
			);
			runOnlyForDeploymentPostprocessing = 0;
		};
/* End PBXFrameworksBuildPhase section */

/* Begin PBXGroup section */
		2716F6872A2670A100CAF94E /* login */ = {
			isa = PBXGroup;
			children = (
				2716F6882A2670D300CAF94E /* Login.swift */,
				2716F68A2A2670DA00CAF94E /* LoginViewModel.swift */,
				2716F6912A2676E300CAF94E /* LoginViewComponents.swift */,
			);
			path = login;
			sourceTree = "<group>";
		};
		279FB7852A26946B00DF8D01 /* Register_Component */ = {
			isa = PBXGroup;
			children = (
				279FB7862A26947F00DF8D01 /* Register.swift */,
				279FB7882A26948F00DF8D01 /* RegisterViewModel.swift */,
				279FB78A2A26949C00DF8D01 /* RegisterViewComponents.swift */,
			);
			path = Register_Component;
			sourceTree = "<group>";
		};
		27CAFDA92A27BEF300E88959 /* Documents */ = {
			isa = PBXGroup;
			children = (
				27CAFDAC2A27BF4C00E88959 /* Components */,
				27CAFDAA2A27BF0100E88959 /* DocumentsView.swift */,
				27CAFDB32A27C91600E88959 /* DocumentsViewModel.swift */,
			);
			path = Documents;
			sourceTree = "<group>";
		};
		27CAFDAC2A27BF4C00E88959 /* Components */ = {
			isa = PBXGroup;
			children = (
				27CAFDAD2A27BF5900E88959 /* TableHeader.swift */,
				27CAFDAF2A27C0CD00E88959 /* DocumentRow.swift */,
				27CAFDB12A27C67A00E88959 /* TableView.swift */,
			);
			path = Components;
			sourceTree = "<group>";
		};
		8F92A3292A21457F00D163D0 /* Extensions */ = {
			isa = PBXGroup;
			children = (
				8F92A32A2A21459700D163D0 /* Image.swift */,
				8F92A32E2A214D9000D163D0 /* MyCustomFonts.swift */,
				8F9145942A2522C60082F40A /* Color.swift */,
			);
			path = Extensions;
			sourceTree = "<group>";
		};
		8F92A3322A214E0F00D163D0 /* Resources */ = {
			isa = PBXGroup;
			children = (
				8F92A3332A214E3800D163D0 /* SpaceGrotesk.ttf */,
			);
			path = Resources;
			sourceTree = "<group>";
		};
		CAE434282A1E9DAF00A2A4BE = {
			isa = PBXGroup;
			children = (
				CAE434332A1E9DAF00A2A4BE /* Needle */,
				CAE434322A1E9DAF00A2A4BE /* Products */,
			);
			sourceTree = "<group>";
		};
		CAE434322A1E9DAF00A2A4BE /* Products */ = {
			isa = PBXGroup;
			children = (
				CAE434312A1E9DAF00A2A4BE /* Needle.app */,
			);
			name = Products;
			sourceTree = "<group>";
		};
		CAE434332A1E9DAF00A2A4BE /* Needle */ = {
			isa = PBXGroup;
			children = (
				CAE434342A1E9DAF00A2A4BE /* NeedleApp.swift */,
				CAE434432A1EA5B300A2A4BE /* Models */,
				CAE434442A1EA68B00A2A4BE /* Core */,
				8F92A3292A21457F00D163D0 /* Extensions */,
				8F92A3322A214E0F00D163D0 /* Resources */,
				CAE434382A1E9DB000A2A4BE /* Assets.xcassets */,
				CAE4343D2A1E9DB000A2A4BE /* Needle.entitlements */,
				CAE4343A2A1E9DB000A2A4BE /* Preview Content */,
			);
			path = Needle;
			sourceTree = "<group>";
		};
		CAE4343A2A1E9DB000A2A4BE /* Preview Content */ = {
			isa = PBXGroup;
			children = (
				CAE4343B2A1E9DB000A2A4BE /* Preview Assets.xcassets */,
			);
			path = "Preview Content";
			sourceTree = "<group>";
		};
		CAE434432A1EA5B300A2A4BE /* Models */ = {
			isa = PBXGroup;
			children = (
				CAE434452A1EA75D00A2A4BE /* WorkspaceModel.swift */,
				CA47E0362A2145A600A63F28 /* TaskModel.swift */,
			);
			path = Models;
			sourceTree = "<group>";
		};
		CAE434442A1EA68B00A2A4BE /* Core */ = {
			isa = PBXGroup;
			children = (
				27CAFDA92A27BEF300E88959 /* Documents */,
				279FB7852A26946B00DF8D01 /* Register_Component */,
				2716F6872A2670A100CAF94E /* login */,
				CAE434492A1EA87500A2A4BE /* Components */,
				CAE434512A213F4500A2A4BE /* Kanban */,
				CAE434472A1EA83500A2A4BE /* Workspace */,
			);
			path = Core;
			sourceTree = "<group>";
		};
		CAE434472A1EA83500A2A4BE /* Workspace */ = {
			isa = PBXGroup;
			children = (
				CAE4344C2A1EA97D00A2A4BE /* Views */,
				CAE4344D2A1EA98600A2A4BE /* ViewModels */,
			);
			path = Workspace;
			sourceTree = "<group>";
		};
		CAE434492A1EA87500A2A4BE /* Components */ = {
			isa = PBXGroup;
			children = (
				CAE4344E2A1EA9C400A2A4BE /* AnyComponent.swift */,
				8F92A32C2A21483F00D163D0 /* HomeComponents.swift */,
			);
			path = Components;
			sourceTree = "<group>";
		};
		CAE4344C2A1EA97D00A2A4BE /* Views */ = {
			isa = PBXGroup;
			children = (
				CAE434362A1E9DAF00A2A4BE /* WorkspaceView.swift */,
				8F92A3252A21416100D163D0 /* HomeView.swift */,
				8F92A3272A2143D900D163D0 /* TesteView.swift */,
			);
			path = Views;
			sourceTree = "<group>";
		};
		CAE4344D2A1EA98600A2A4BE /* ViewModels */ = {
			isa = PBXGroup;
			children = (
				CAE4344A2A1EA90400A2A4BE /* WorkspaceViewModel.swift */,
			);
			path = ViewModels;
			sourceTree = "<group>";
		};
		CAE434512A213F4500A2A4BE /* Kanban */ = {
			isa = PBXGroup;
			children = (
				CAE434522A213F4F00A2A4BE /* Views */,
				CAE434532A213F5900A2A4BE /* ViewsModels */,
			);
			path = Kanban;
			sourceTree = "<group>";
		};
		CAE434522A213F4F00A2A4BE /* Views */ = {
			isa = PBXGroup;
			children = (
				CAE434542A213F8C00A2A4BE /* KanbanView.swift */,
				CA47E0322A21413800A63F28 /* KanbanComponentView.swift */,
				CA47E0342A21444300A63F28 /* KanbanTaskComponentView.swift */,
				CA47E0382A21484F00A63F28 /* TaskTagView.swift */,
				CA6B4C112A25249D00CB0AB7 /* KanbanColumnTitle.swift */,
				CA6B4C132A259D7400CB0AB7 /* KanbanSideBarView.swift */,
			);
			path = Views;
			sourceTree = "<group>";
		};
		CAE434532A213F5900A2A4BE /* ViewsModels */ = {
			isa = PBXGroup;
			children = (
				CA6B4C152A259DEB00CB0AB7 /* KanbanViewModel.swift */,
			);
			path = ViewsModels;
			sourceTree = "<group>";
		};
/* End PBXGroup section */

/* Begin PBXNativeTarget section */
		CAE434302A1E9DAF00A2A4BE /* Needle */ = {
			isa = PBXNativeTarget;
			buildConfigurationList = CAE434402A1E9DB000A2A4BE /* Build configuration list for PBXNativeTarget "Needle" */;
			buildPhases = (
				CAE4342D2A1E9DAF00A2A4BE /* Sources */,
				CAE4342E2A1E9DAF00A2A4BE /* Frameworks */,
				CAE4342F2A1E9DAF00A2A4BE /* Resources */,
			);
			buildRules = (
			);
			dependencies = (
			);
			name = Needle;
			productName = Needle;
			productReference = CAE434312A1E9DAF00A2A4BE /* Needle.app */;
			productType = "com.apple.product-type.application";
		};
/* End PBXNativeTarget section */

/* Begin PBXProject section */
		CAE434292A1E9DAF00A2A4BE /* Project object */ = {
			isa = PBXProject;
			attributes = {
				BuildIndependentTargetsInParallel = 1;
				LastSwiftUpdateCheck = 1420;
				LastUpgradeCheck = 1420;
				TargetAttributes = {
					CAE434302A1E9DAF00A2A4BE = {
						CreatedOnToolsVersion = 14.2;
					};
				};
			};
			buildConfigurationList = CAE4342C2A1E9DAF00A2A4BE /* Build configuration list for PBXProject "Needle" */;
			compatibilityVersion = "Xcode 14.0";
			developmentRegion = en;
			hasScannedForEncodings = 0;
			knownRegions = (
				en,
				Base,
			);
			mainGroup = CAE434282A1E9DAF00A2A4BE;
			productRefGroup = CAE434322A1E9DAF00A2A4BE /* Products */;
			projectDirPath = "";
			projectRoot = "";
			targets = (
				CAE434302A1E9DAF00A2A4BE /* Needle */,
			);
		};
/* End PBXProject section */

/* Begin PBXResourcesBuildPhase section */
		CAE4342F2A1E9DAF00A2A4BE /* Resources */ = {
			isa = PBXResourcesBuildPhase;
			buildActionMask = 2147483647;
			files = (
				CAE4343C2A1E9DB000A2A4BE /* Preview Assets.xcassets in Resources */,
				8F92A3342A214E3800D163D0 /* SpaceGrotesk.ttf in Resources */,
				CAE434392A1E9DB000A2A4BE /* Assets.xcassets in Resources */,
			);
			runOnlyForDeploymentPostprocessing = 0;
		};
/* End PBXResourcesBuildPhase section */

/* Begin PBXSourcesBuildPhase section */
		CAE4342D2A1E9DAF00A2A4BE /* Sources */ = {
			isa = PBXSourcesBuildPhase;
			buildActionMask = 2147483647;
			files = (
				279FB78B2A26949C00DF8D01 /* RegisterViewComponents.swift in Sources */,
				8F92A3262A21416100D163D0 /* HomeView.swift in Sources */,
				8F92A32B2A21459700D163D0 /* Image.swift in Sources */,
				8F9145952A2522C60082F40A /* Color.swift in Sources */,
				CAE434462A1EA75D00A2A4BE /* WorkspaceModel.swift in Sources */,
				27CAFDAE2A27BF5900E88959 /* TableHeader.swift in Sources */,
				2716F6922A2676E300CAF94E /* LoginViewComponents.swift in Sources */,
				27CAFDB02A27C0CD00E88959 /* DocumentRow.swift in Sources */,
				27CAFDB22A27C67A00E88959 /* TableView.swift in Sources */,
				CA6B4C122A25249D00CB0AB7 /* KanbanColumnTitle.swift in Sources */,
				27CAFDAB2A27BF0100E88959 /* DocumentsView.swift in Sources */,
				CA47E0392A21484F00A63F28 /* TaskTagView.swift in Sources */,
				8F92A32F2A214D9100D163D0 /* MyCustomFonts.swift in Sources */,
				CAE434372A1E9DAF00A2A4BE /* WorkspaceView.swift in Sources */,
				8F92A3282A2143D900D163D0 /* TesteView.swift in Sources */,
				279FB7872A26947F00DF8D01 /* Register.swift in Sources */,
				CAE4344F2A1EA9C400A2A4BE /* AnyComponent.swift in Sources */,
				CA47E0372A2145A600A63F28 /* TaskModel.swift in Sources */,
				CA6B4C142A259D7400CB0AB7 /* KanbanSideBarView.swift in Sources */,
				CA47E0332A21413800A63F28 /* KanbanComponentView.swift in Sources */,
				CA47E0352A21444300A63F28 /* KanbanTaskComponentView.swift in Sources */,
				CAE434552A213F8C00A2A4BE /* KanbanView.swift in Sources */,
				CAE4344B2A1EA90400A2A4BE /* WorkspaceViewModel.swift in Sources */,
				2716F68B2A2670DA00CAF94E /* LoginViewModel.swift in Sources */,
				279FB7892A26948F00DF8D01 /* RegisterViewModel.swift in Sources */,
				8F92A32D2A21483F00D163D0 /* HomeComponents.swift in Sources */,
				2716F6892A2670D300CAF94E /* Login.swift in Sources */,
				CAE434352A1E9DAF00A2A4BE /* NeedleApp.swift in Sources */,
				CA6B4C162A259DEB00CB0AB7 /* KanbanViewModel.swift in Sources */,
				27CAFDB42A27C91600E88959 /* DocumentsViewModel.swift in Sources */,
			);
			runOnlyForDeploymentPostprocessing = 0;
		};
/* End PBXSourcesBuildPhase section */

/* Begin XCBuildConfiguration section */
		CAE4343E2A1E9DB000A2A4BE /* Debug */ = {
			isa = XCBuildConfiguration;
			buildSettings = {
				ALWAYS_SEARCH_USER_PATHS = NO;
				CLANG_ANALYZER_NONNULL = YES;
				CLANG_ANALYZER_NUMBER_OBJECT_CONVERSION = YES_AGGRESSIVE;
				CLANG_CXX_LANGUAGE_STANDARD = "gnu++20";
				CLANG_ENABLE_MODULES = YES;
				CLANG_ENABLE_OBJC_ARC = YES;
				CLANG_ENABLE_OBJC_WEAK = YES;
				CLANG_WARN_BLOCK_CAPTURE_AUTORELEASING = YES;
				CLANG_WARN_BOOL_CONVERSION = YES;
				CLANG_WARN_COMMA = YES;
				CLANG_WARN_CONSTANT_CONVERSION = YES;
				CLANG_WARN_DEPRECATED_OBJC_IMPLEMENTATIONS = YES;
				CLANG_WARN_DIRECT_OBJC_ISA_USAGE = YES_ERROR;
				CLANG_WARN_DOCUMENTATION_COMMENTS = YES;
				CLANG_WARN_EMPTY_BODY = YES;
				CLANG_WARN_ENUM_CONVERSION = YES;
				CLANG_WARN_INFINITE_RECURSION = YES;
				CLANG_WARN_INT_CONVERSION = YES;
				CLANG_WARN_NON_LITERAL_NULL_CONVERSION = YES;
				CLANG_WARN_OBJC_IMPLICIT_RETAIN_SELF = YES;
				CLANG_WARN_OBJC_LITERAL_CONVERSION = YES;
				CLANG_WARN_OBJC_ROOT_CLASS = YES_ERROR;
				CLANG_WARN_QUOTED_INCLUDE_IN_FRAMEWORK_HEADER = YES;
				CLANG_WARN_RANGE_LOOP_ANALYSIS = YES;
				CLANG_WARN_STRICT_PROTOTYPES = YES;
				CLANG_WARN_SUSPICIOUS_MOVE = YES;
				CLANG_WARN_UNGUARDED_AVAILABILITY = YES_AGGRESSIVE;
				CLANG_WARN_UNREACHABLE_CODE = YES;
				CLANG_WARN__DUPLICATE_METHOD_MATCH = YES;
				COPY_PHASE_STRIP = NO;
				DEBUG_INFORMATION_FORMAT = dwarf;
				ENABLE_STRICT_OBJC_MSGSEND = YES;
				ENABLE_TESTABILITY = YES;
				GCC_C_LANGUAGE_STANDARD = gnu11;
				GCC_DYNAMIC_NO_PIC = NO;
				GCC_NO_COMMON_BLOCKS = YES;
				GCC_OPTIMIZATION_LEVEL = 0;
				GCC_PREPROCESSOR_DEFINITIONS = (
					"DEBUG=1",
					"$(inherited)",
				);
				GCC_WARN_64_TO_32_BIT_CONVERSION = YES;
				GCC_WARN_ABOUT_RETURN_TYPE = YES_ERROR;
				GCC_WARN_UNDECLARED_SELECTOR = YES;
				GCC_WARN_UNINITIALIZED_AUTOS = YES_AGGRESSIVE;
				GCC_WARN_UNUSED_FUNCTION = YES;
				GCC_WARN_UNUSED_VARIABLE = YES;
				MACOSX_DEPLOYMENT_TARGET = 12.6;
				MTL_ENABLE_DEBUG_INFO = INCLUDE_SOURCE;
				MTL_FAST_MATH = YES;
				ONLY_ACTIVE_ARCH = YES;
				SDKROOT = macosx;
				SWIFT_ACTIVE_COMPILATION_CONDITIONS = DEBUG;
				SWIFT_OPTIMIZATION_LEVEL = "-Onone";
			};
			name = Debug;
		};
		CAE4343F2A1E9DB000A2A4BE /* Release */ = {
			isa = XCBuildConfiguration;
			buildSettings = {
				ALWAYS_SEARCH_USER_PATHS = NO;
				CLANG_ANALYZER_NONNULL = YES;
				CLANG_ANALYZER_NUMBER_OBJECT_CONVERSION = YES_AGGRESSIVE;
				CLANG_CXX_LANGUAGE_STANDARD = "gnu++20";
				CLANG_ENABLE_MODULES = YES;
				CLANG_ENABLE_OBJC_ARC = YES;
				CLANG_ENABLE_OBJC_WEAK = YES;
				CLANG_WARN_BLOCK_CAPTURE_AUTORELEASING = YES;
				CLANG_WARN_BOOL_CONVERSION = YES;
				CLANG_WARN_COMMA = YES;
				CLANG_WARN_CONSTANT_CONVERSION = YES;
				CLANG_WARN_DEPRECATED_OBJC_IMPLEMENTATIONS = YES;
				CLANG_WARN_DIRECT_OBJC_ISA_USAGE = YES_ERROR;
				CLANG_WARN_DOCUMENTATION_COMMENTS = YES;
				CLANG_WARN_EMPTY_BODY = YES;
				CLANG_WARN_ENUM_CONVERSION = YES;
				CLANG_WARN_INFINITE_RECURSION = YES;
				CLANG_WARN_INT_CONVERSION = YES;
				CLANG_WARN_NON_LITERAL_NULL_CONVERSION = YES;
				CLANG_WARN_OBJC_IMPLICIT_RETAIN_SELF = YES;
				CLANG_WARN_OBJC_LITERAL_CONVERSION = YES;
				CLANG_WARN_OBJC_ROOT_CLASS = YES_ERROR;
				CLANG_WARN_QUOTED_INCLUDE_IN_FRAMEWORK_HEADER = YES;
				CLANG_WARN_RANGE_LOOP_ANALYSIS = YES;
				CLANG_WARN_STRICT_PROTOTYPES = YES;
				CLANG_WARN_SUSPICIOUS_MOVE = YES;
				CLANG_WARN_UNGUARDED_AVAILABILITY = YES_AGGRESSIVE;
				CLANG_WARN_UNREACHABLE_CODE = YES;
				CLANG_WARN__DUPLICATE_METHOD_MATCH = YES;
				COPY_PHASE_STRIP = NO;
				DEBUG_INFORMATION_FORMAT = "dwarf-with-dsym";
				ENABLE_NS_ASSERTIONS = NO;
				ENABLE_STRICT_OBJC_MSGSEND = YES;
				GCC_C_LANGUAGE_STANDARD = gnu11;
				GCC_NO_COMMON_BLOCKS = YES;
				GCC_WARN_64_TO_32_BIT_CONVERSION = YES;
				GCC_WARN_ABOUT_RETURN_TYPE = YES_ERROR;
				GCC_WARN_UNDECLARED_SELECTOR = YES;
				GCC_WARN_UNINITIALIZED_AUTOS = YES_AGGRESSIVE;
				GCC_WARN_UNUSED_FUNCTION = YES;
				GCC_WARN_UNUSED_VARIABLE = YES;
				MACOSX_DEPLOYMENT_TARGET = 12.6;
				MTL_ENABLE_DEBUG_INFO = NO;
				MTL_FAST_MATH = YES;
				SDKROOT = macosx;
				SWIFT_COMPILATION_MODE = wholemodule;
				SWIFT_OPTIMIZATION_LEVEL = "-O";
			};
			name = Release;
		};
		CAE434412A1E9DB000A2A4BE /* Debug */ = {
			isa = XCBuildConfiguration;
			buildSettings = {
				ASSETCATALOG_COMPILER_APPICON_NAME = AppIcon;
				ASSETCATALOG_COMPILER_GLOBAL_ACCENT_COLOR_NAME = AccentColor;
				CODE_SIGN_ENTITLEMENTS = Needle/Needle.entitlements;
				"CODE_SIGN_IDENTITY[sdk=macosx*]" = "Apple Development";
				CODE_SIGN_STYLE = Automatic;
				COMBINE_HIDPI_IMAGES = YES;
				CURRENT_PROJECT_VERSION = 1;
				DEVELOPMENT_ASSET_PATHS = "\"Needle/Preview Content\"";
				DEVELOPMENT_TEAM = V8K8MHSNH4;
				ENABLE_HARDENED_RUNTIME = YES;
				ENABLE_PREVIEWS = YES;
				GENERATE_INFOPLIST_FILE = YES;
				INFOPLIST_KEY_NSHumanReadableCopyright = "";
				LD_RUNPATH_SEARCH_PATHS = (
					"$(inherited)",
					"@executable_path/../Frameworks",
				);
				MARKETING_VERSION = 1.0;
				PRODUCT_BUNDLE_IDENTIFIER = br.ufpe.cin.academy.gfrm.Needle;
				PRODUCT_NAME = "$(TARGET_NAME)";
				SWIFT_EMIT_LOC_STRINGS = YES;
				SWIFT_VERSION = 5.0;
			};
			name = Debug;
		};
		CAE434422A1E9DB000A2A4BE /* Release */ = {
			isa = XCBuildConfiguration;
			buildSettings = {
				ASSETCATALOG_COMPILER_APPICON_NAME = AppIcon;
				ASSETCATALOG_COMPILER_GLOBAL_ACCENT_COLOR_NAME = AccentColor;
				CODE_SIGN_ENTITLEMENTS = Needle/Needle.entitlements;
				"CODE_SIGN_IDENTITY[sdk=macosx*]" = "Apple Development";
				CODE_SIGN_STYLE = Automatic;
				COMBINE_HIDPI_IMAGES = YES;
				CURRENT_PROJECT_VERSION = 1;
				DEVELOPMENT_ASSET_PATHS = "\"Needle/Preview Content\"";
				DEVELOPMENT_TEAM = V8K8MHSNH4;
				ENABLE_HARDENED_RUNTIME = YES;
				ENABLE_PREVIEWS = YES;
				GENERATE_INFOPLIST_FILE = YES;
				INFOPLIST_KEY_NSHumanReadableCopyright = "";
				LD_RUNPATH_SEARCH_PATHS = (
					"$(inherited)",
					"@executable_path/../Frameworks",
				);
				MARKETING_VERSION = 1.0;
				PRODUCT_BUNDLE_IDENTIFIER = br.ufpe.cin.academy.gfrm.Needle;
				PRODUCT_NAME = "$(TARGET_NAME)";
				SWIFT_EMIT_LOC_STRINGS = YES;
				SWIFT_VERSION = 5.0;
			};
			name = Release;
		};
/* End XCBuildConfiguration section */

/* Begin XCConfigurationList section */
		CAE4342C2A1E9DAF00A2A4BE /* Build configuration list for PBXProject "Needle" */ = {
			isa = XCConfigurationList;
			buildConfigurations = (
				CAE4343E2A1E9DB000A2A4BE /* Debug */,
				CAE4343F2A1E9DB000A2A4BE /* Release */,
			);
			defaultConfigurationIsVisible = 0;
			defaultConfigurationName = Release;
		};
		CAE434402A1E9DB000A2A4BE /* Build configuration list for PBXNativeTarget "Needle" */ = {
			isa = XCConfigurationList;
			buildConfigurations = (
				CAE434412A1E9DB000A2A4BE /* Debug */,
				CAE434422A1E9DB000A2A4BE /* Release */,
			);
			defaultConfigurationIsVisible = 0;
			defaultConfigurationName = Release;
		};
/* End XCConfigurationList section */
	};
	rootObject = CAE434292A1E9DAF00A2A4BE /* Project object */;
}
